
Microsoft Visual Studio Solution File, Format Version 12.00
# Visual Studio Version 16
VisualStudioVersion = 16.6.30114.105
MinimumVisualStudioVersion = 10.0.40219.1
Project("{2150E333-8FDC-42A3-9474-1A3956D46DE8}") = "1_Api", "1_Api", "{856369D0-C84C-488E-A44C-FEDF3FE72E42}"
EndProject
Project("{FAE04EC0-301F-11D3-BF4B-00C04F79EFBC}") = "Builders.Api", "1_Api\Builders.Api\Builders.Api.csproj", "{9FAB8700-7C9F-4E86-BCC9-0769A20CF3E4}"
EndProject
Project("{2150E333-8FDC-42A3-9474-1A3956D46DE8}") = "2_Domain", "2_Domain", "{1A7631D0-082D-4A42-A28E-7C55EA515E05}"
EndProject
Project("{FAE04EC0-301F-11D3-BF4B-00C04F79EFBC}") = "Builders.Domain", "2_Domain\Builders.Domain\Builders.Domain.csproj", "{E40802E0-8054-4069-9FEA-034CDBE14DEF}"
EndProject
Project("{2150E333-8FDC-42A3-9474-1A3956D46DE8}") = "3_Infra", "3_Infra", "{F2E72736-9F81-4DEA-B4A3-249E9AC1CFF5}"
EndProject
Project("{FAE04EC0-301F-11D3-BF4B-00C04F79EFBC}") = "Builders.Infra", "3_Infra\Builders.Infra\Builders.Infra.csproj", "{1F202692-BD9C-4F6F-A4EB-C8C01F61AD60}"
EndProject
Project("{2150E333-8FDC-42A3-9474-1A3956D46DE8}") = "4_Shared", "4_Shared", "{1C48C5E3-F29A-4311-831E-8FFC3FCE81BE}"
EndProject
Project("{FAE04EC0-301F-11D3-BF4B-00C04F79EFBC}") = "Builders.Shared", "4_Shared\Builders.Shared\Builders.Shared.csproj", "{B9B3D053-810D-4520-B6DB-1458632DD8DB}"
EndProject
Project("{2150E333-8FDC-42A3-9474-1A3956D46DE8}") = "5_Test", "5_Test", "{BE26A79C-555A-4CEC-B5AE-21EAE31E99EB}"
EndProject
Project("{FAE04EC0-301F-11D3-BF4B-00C04F79EFBC}") = "Builders.Test", "5_Test\Builders.Test\Builders.Test.csproj", "{0D21CA9A-BE67-44B3-8937-B708F244CE2F}"
EndProject
Global
	GlobalSection(SolutionConfigurationPlatforms) = preSolution
		Debug|Any CPU = Debug|Any CPU
		Debug|x64 = Debug|x64
		Debug|x86 = Debug|x86
		Release|Any CPU = Release|Any CPU
		Release|x64 = Release|x64
		Release|x86 = Release|x86
	EndGlobalSection
	GlobalSection(SolutionProperties) = preSolution
		HideSolutionNode = FALSE
	EndGlobalSection
	GlobalSection(ProjectConfigurationPlatforms) = postSolution
		{9FAB8700-7C9F-4E86-BCC9-0769A20CF3E4}.Debug|Any CPU.ActiveCfg = Debug|Any CPU
		{9FAB8700-7C9F-4E86-BCC9-0769A20CF3E4}.Debug|Any CPU.Build.0 = Debug|Any CPU
		{9FAB8700-7C9F-4E86-BCC9-0769A20CF3E4}.Debug|x64.ActiveCfg = Debug|Any CPU
		{9FAB8700-7C9F-4E86-BCC9-0769A20CF3E4}.Debug|x64.Build.0 = Debug|Any CPU
		{9FAB8700-7C9F-4E86-BCC9-0769A20CF3E4}.Debug|x86.ActiveCfg = Debug|Any CPU
		{9FAB8700-7C9F-4E86-BCC9-0769A20CF3E4}.Debug|x86.Build.0 = Debug|Any CPU
		{9FAB8700-7C9F-4E86-BCC9-0769A20CF3E4}.Release|Any CPU.ActiveCfg = Release|Any CPU
		{9FAB8700-7C9F-4E86-BCC9-0769A20CF3E4}.Release|Any CPU.Build.0 = Release|Any CPU
		{9FAB8700-7C9F-4E86-BCC9-0769A20CF3E4}.Release|x64.ActiveCfg = Release|Any CPU
		{9FAB8700-7C9F-4E86-BCC9-0769A20CF3E4}.Release|x64.Build.0 = Release|Any CPU
		{9FAB8700-7C9F-4E86-BCC9-0769A20CF3E4}.Release|x86.ActiveCfg = Release|Any CPU
		{9FAB8700-7C9F-4E86-BCC9-0769A20CF3E4}.Release|x86.Build.0 = Release|Any CPU
		{E40802E0-8054-4069-9FEA-034CDBE14DEF}.Debug|Any CPU.ActiveCfg = Debug|Any CPU
		{E40802E0-8054-4069-9FEA-034CDBE14DEF}.Debug|Any CPU.Build.0 = Debug|Any CPU
		{E40802E0-8054-4069-9FEA-034CDBE14DEF}.Debug|x64.ActiveCfg = Debug|Any CPU
		{E40802E0-8054-4069-9FEA-034CDBE14DEF}.Debug|x64.Build.0 = Debug|Any CPU
		{E40802E0-8054-4069-9FEA-034CDBE14DEF}.Debug|x86.ActiveCfg = Debug|Any CPU
		{E40802E0-8054-4069-9FEA-034CDBE14DEF}.Debug|x86.Build.0 = Debug|Any CPU
		{E40802E0-8054-4069-9FEA-034CDBE14DEF}.Release|Any CPU.ActiveCfg = Release|Any CPU
		{E40802E0-8054-4069-9FEA-034CDBE14DEF}.Release|Any CPU.Build.0 = Release|Any CPU
		{E40802E0-8054-4069-9FEA-034CDBE14DEF}.Release|x64.ActiveCfg = Release|Any CPU
		{E40802E0-8054-4069-9FEA-034CDBE14DEF}.Release|x64.Build.0 = Release|Any CPU
		{E40802E0-8054-4069-9FEA-034CDBE14DEF}.Release|x86.ActiveCfg = Release|Any CPU
		{E40802E0-8054-4069-9FEA-034CDBE14DEF}.Release|x86.Build.0 = Release|Any CPU
		{1F202692-BD9C-4F6F-A4EB-C8C01F61AD60}.Debug|Any CPU.ActiveCfg = Debug|Any CPU
		{1F202692-BD9C-4F6F-A4EB-C8C01F61AD60}.Debug|Any CPU.Build.0 = Debug|Any CPU
		{1F202692-BD9C-4F6F-A4EB-C8C01F61AD60}.Debug|x64.ActiveCfg = Debug|Any CPU
		{1F202692-BD9C-4F6F-A4EB-C8C01F61AD60}.Debug|x64.Build.0 = Debug|Any CPU
		{1F202692-BD9C-4F6F-A4EB-C8C01F61AD60}.Debug|x86.ActiveCfg = Debug|Any CPU
		{1F202692-BD9C-4F6F-A4EB-C8C01F61AD60}.Debug|x86.Build.0 = Debug|Any CPU
		{1F202692-BD9C-4F6F-A4EB-C8C01F61AD60}.Release|Any CPU.ActiveCfg = Release|Any CPU
		{1F202692-BD9C-4F6F-A4EB-C8C01F61AD60}.Release|Any CPU.Build.0 = Release|Any CPU
		{1F202692-BD9C-4F6F-A4EB-C8C01F61AD60}.Release|x64.ActiveCfg = Release|Any CPU
		{1F202692-BD9C-4F6F-A4EB-C8C01F61AD60}.Release|x64.Build.0 = Release|Any CPU
		{1F202692-BD9C-4F6F-A4EB-C8C01F61AD60}.Release|x86.ActiveCfg = Release|Any CPU
		{1F202692-BD9C-4F6F-A4EB-C8C01F61AD60}.Release|x86.Build.0 = Release|Any CPU
		{B9B3D053-810D-4520-B6DB-1458632DD8DB}.Debug|Any CPU.ActiveCfg = Debug|Any CPU
		{B9B3D053-810D-4520-B6DB-1458632DD8DB}.Debug|Any CPU.Build.0 = Debug|Any CPU
		{B9B3D053-810D-4520-B6DB-1458632DD8DB}.Debug|x64.ActiveCfg = Debug|Any CPU
		{B9B3D053-810D-4520-B6DB-1458632DD8DB}.Debug|x64.Build.0 = Debug|Any CPU
		{B9B3D053-810D-4520-B6DB-1458632DD8DB}.Debug|x86.ActiveCfg = Debug|Any CPU
		{B9B3D053-810D-4520-B6DB-1458632DD8DB}.Debug|x86.Build.0 = Debug|Any CPU
		{B9B3D053-810D-4520-B6DB-1458632DD8DB}.Release|Any CPU.ActiveCfg = Release|Any CPU
		{B9B3D053-810D-4520-B6DB-1458632DD8DB}.Release|Any CPU.Build.0 = Release|Any CPU
		{B9B3D053-810D-4520-B6DB-1458632DD8DB}.Release|x64.ActiveCfg = Release|Any CPU
		{B9B3D053-810D-4520-B6DB-1458632DD8DB}.Release|x64.Build.0 = Release|Any CPU
		{B9B3D053-810D-4520-B6DB-1458632DD8DB}.Release|x86.ActiveCfg = Release|Any CPU
		{B9B3D053-810D-4520-B6DB-1458632DD8DB}.Release|x86.Build.0 = Release|Any CPU
		{0D21CA9A-BE67-44B3-8937-B708F244CE2F}.Debug|Any CPU.ActiveCfg = Debug|Any CPU
		{0D21CA9A-BE67-44B3-8937-B708F244CE2F}.Debug|Any CPU.Build.0 = Debug|Any CPU
		{0D21CA9A-BE67-44B3-8937-B708F244CE2F}.Debug|x64.ActiveCfg = Debug|Any CPU
		{0D21CA9A-BE67-44B3-8937-B708F244CE2F}.Debug|x64.Build.0 = Debug|Any CPU
		{0D21CA9A-BE67-44B3-8937-B708F244CE2F}.Debug|x86.ActiveCfg = Debug|Any CPU
		{0D21CA9A-BE67-44B3-8937-B708F244CE2F}.Debug|x86.Build.0 = Debug|Any CPU
		{0D21CA9A-BE67-44B3-8937-B708F244CE2F}.Release|Any CPU.ActiveCfg = Release|Any CPU
		{0D21CA9A-BE67-44B3-8937-B708F244CE2F}.Release|Any CPU.Build.0 = Release|Any CPU
		{0D21CA9A-BE67-44B3-8937-B708F244CE2F}.Release|x64.ActiveCfg = Release|Any CPU
		{0D21CA9A-BE67-44B3-8937-B708F244CE2F}.Release|x64.Build.0 = Release|Any CPU
		{0D21CA9A-BE67-44B3-8937-B708F244CE2F}.Release|x86.ActiveCfg = Release|Any CPU
		{0D21CA9A-BE67-44B3-8937-B708F244CE2F}.Release|x86.Build.0 = Release|Any CPU
	EndGlobalSection
	GlobalSection(NestedProjects) = preSolution
		{9FAB8700-7C9F-4E86-BCC9-0769A20CF3E4} = {856369D0-C84C-488E-A44C-FEDF3FE72E42}
		{E40802E0-8054-4069-9FEA-034CDBE14DEF} = {1A7631D0-082D-4A42-A28E-7C55EA515E05}
		{1F202692-BD9C-4F6F-A4EB-C8C01F61AD60} = {F2E72736-9F81-4DEA-B4A3-249E9AC1CFF5}
		{B9B3D053-810D-4520-B6DB-1458632DD8DB} = {1C48C5E3-F29A-4311-831E-8FFC3FCE81BE}
		{0D21CA9A-BE67-44B3-8937-B708F244CE2F} = {BE26A79C-555A-4CEC-B5AE-21EAE31E99EB}
	EndGlobalSection
EndGlobal
